// !$*UTF8*$!
{
	archiveVersion = 1;
	classes = {
	};
	objectVersion = 55;
	objects = {

/* Begin PBXBuildFile section */
		650897C82844D5F000760082 /* AddRoutineView.swift in Sources */ = {isa = PBXBuildFile; fileRef = 650897C72844D5F000760082 /* AddRoutineView.swift */; };
		650897CA2844DA7000760082 /* routinesEmpty.json in Resources */ = {isa = PBXBuildFile; fileRef = 650897C92844DA7000760082 /* routinesEmpty.json */; };
		650953BE2841276E007C1822 /* HomeView.swift in Sources */ = {isa = PBXBuildFile; fileRef = 650953BD2841276E007C1822 /* HomeView.swift */; };
		650E8BB0284E3EE000032B9F /* CircleProgressView.swift in Sources */ = {isa = PBXBuildFile; fileRef = 650E8BAF284E3EE000032B9F /* CircleProgressView.swift */; };
		650E8BB2284E4BF400032B9F /* RoutineRowView.swift in Sources */ = {isa = PBXBuildFile; fileRef = 650E8BB1284E4BF400032B9F /* RoutineRowView.swift */; };
		6526D4732843941E00A46AA4 /* SettingsView.swift in Sources */ = {isa = PBXBuildFile; fileRef = 6526D4722843941E00A46AA4 /* SettingsView.swift */; };
		6526D4752843948500A46AA4 /* ContentView.swift in Sources */ = {isa = PBXBuildFile; fileRef = 6526D4742843948500A46AA4 /* ContentView.swift */; };
		6526D477284397FD00A46AA4 /* StatsView.swift in Sources */ = {isa = PBXBuildFile; fileRef = 6526D476284397FD00A46AA4 /* StatsView.swift */; };
		6526D4852843ACA200A46AA4 /* ModelData.swift in Sources */ = {isa = PBXBuildFile; fileRef = 6526D4842843ACA200A46AA4 /* ModelData.swift */; };
		6526D4882843ADD700A46AA4 /* routines.json in Resources */ = {isa = PBXBuildFile; fileRef = 6526D4872843ADD700A46AA4 /* routines.json */; };
		6526D48E2843AEDC00A46AA4 /* Routine.swift in Sources */ = {isa = PBXBuildFile; fileRef = 6526D48D2843AEDC00A46AA4 /* Routine.swift */; };
		6526D4922843B64800A46AA4 /* DataLoader.swift in Sources */ = {isa = PBXBuildFile; fileRef = 6526D4912843B64800A46AA4 /* DataLoader.swift */; };
		6526D4962843BE7100A46AA4 /* RoutineView.swift in Sources */ = {isa = PBXBuildFile; fileRef = 6526D4952843BE7100A46AA4 /* RoutineView.swift */; };
		6526D4982843BE7F00A46AA4 /* Launch Screen.storyboard in Resources */ = {isa = PBXBuildFile; fileRef = 6526D4972843BE7F00A46AA4 /* Launch Screen.storyboard */; };
		65546A38284B5F740016DA94 /* MiniSetRowView.swift in Sources */ = {isa = PBXBuildFile; fileRef = 65546A37284B5F740016DA94 /* MiniSetRowView.swift */; };
		65546A3C284DFF7A0016DA94 /* AddExView.swift in Sources */ = {isa = PBXBuildFile; fileRef = 65546A3B284DFF7A0016DA94 /* AddExView.swift */; };
		6573847E2850D67D006DAD3B /* ExRowView.swift in Sources */ = {isa = PBXBuildFile; fileRef = 6573847D2850D67D006DAD3B /* ExRowView.swift */; };
		657384802850EB28006DAD3B /* GetReadyView.swift in Sources */ = {isa = PBXBuildFile; fileRef = 6573847F2850EB28006DAD3B /* GetReadyView.swift */; };
		657384822850ECEE006DAD3B /* CircularProgressView.swift in Sources */ = {isa = PBXBuildFile; fileRef = 657384812850ECEE006DAD3B /* CircularProgressView.swift */; };
		65CBA0DD283E732D007AE1B4 /* LiftWeightsApp.swift in Sources */ = {isa = PBXBuildFile; fileRef = 65CBA0DC283E732D007AE1B4 /* LiftWeightsApp.swift */; };
		65CBA0E1283E732E007AE1B4 /* Assets.xcassets in Resources */ = {isa = PBXBuildFile; fileRef = 65CBA0E0283E732E007AE1B4 /* Assets.xcassets */; };
		65CBA0E4283E732E007AE1B4 /* Preview Assets.xcassets in Resources */ = {isa = PBXBuildFile; fileRef = 65CBA0E3283E732E007AE1B4 /* Preview Assets.xcassets */; };
		65DD3BEE2844F7080051EEC2 /* ImagePickerView.swift in Sources */ = {isa = PBXBuildFile; fileRef = 65DD3BED2844F7080051EEC2 /* ImagePickerView.swift */; };
		65F37B0E2841317200F3298D /* SDWebImage in Frameworks */ = {isa = PBXBuildFile; productRef = 65F37B0D2841317200F3298D /* SDWebImage */; };
		65F37B102841317200F3298D /* SDWebImageMapKit in Frameworks */ = {isa = PBXBuildFile; productRef = 65F37B0F2841317200F3298D /* SDWebImageMapKit */; };
		65F37B13284131A000F3298D /* SDWebImageSwiftUI in Frameworks */ = {isa = PBXBuildFile; productRef = 65F37B12284131A000F3298D /* SDWebImageSwiftUI */; };
		65FD50F0284A9F2B0043E5B0 /* Exercise.swift in Sources */ = {isa = PBXBuildFile; fileRef = 65FD50EF284A9F2B0043E5B0 /* Exercise.swift */; };
		65FD50FC284AA6420043E5B0 /* ExView.swift in Sources */ = {isa = PBXBuildFile; fileRef = 65FD50FB284AA6420043E5B0 /* ExView.swift */; };
		65FD5100284AB5110043E5B0 /* MiniSet.swift in Sources */ = {isa = PBXBuildFile; fileRef = 65FD50FF284AB5110043E5B0 /* MiniSet.swift */; };
/* End PBXBuildFile section */

/* Begin PBXFileReference section */
		650897C72844D5F000760082 /* AddRoutineView.swift */ = {isa = PBXFileReference; lastKnownFileType = sourcecode.swift; path = AddRoutineView.swift; sourceTree = "<group>"; };
		650897C92844DA7000760082 /* routinesEmpty.json */ = {isa = PBXFileReference; lastKnownFileType = text.json; path = routinesEmpty.json; sourceTree = "<group>"; };
		650953BD2841276E007C1822 /* HomeView.swift */ = {isa = PBXFileReference; lastKnownFileType = sourcecode.swift; path = HomeView.swift; sourceTree = "<group>"; };
		650E8BAF284E3EE000032B9F /* CircleProgressView.swift */ = {isa = PBXFileReference; lastKnownFileType = sourcecode.swift; path = CircleProgressView.swift; sourceTree = "<group>"; };
		650E8BB1284E4BF400032B9F /* RoutineRowView.swift */ = {isa = PBXFileReference; lastKnownFileType = sourcecode.swift; path = RoutineRowView.swift; sourceTree = "<group>"; };
		6526D4722843941E00A46AA4 /* SettingsView.swift */ = {isa = PBXFileReference; lastKnownFileType = sourcecode.swift; path = SettingsView.swift; sourceTree = "<group>"; };
		6526D4742843948500A46AA4 /* ContentView.swift */ = {isa = PBXFileReference; lastKnownFileType = sourcecode.swift; path = ContentView.swift; sourceTree = "<group>"; };
		6526D476284397FD00A46AA4 /* StatsView.swift */ = {isa = PBXFileReference; lastKnownFileType = sourcecode.swift; path = StatsView.swift; sourceTree = "<group>"; };
		6526D4842843ACA200A46AA4 /* ModelData.swift */ = {isa = PBXFileReference; lastKnownFileType = sourcecode.swift; path = ModelData.swift; sourceTree = "<group>"; };
		6526D4872843ADD700A46AA4 /* routines.json */ = {isa = PBXFileReference; lastKnownFileType = text.json; path = routines.json; sourceTree = "<group>"; };
		6526D48D2843AEDC00A46AA4 /* Routine.swift */ = {isa = PBXFileReference; lastKnownFileType = sourcecode.swift; path = Routine.swift; sourceTree = "<group>"; };
		6526D4912843B64800A46AA4 /* DataLoader.swift */ = {isa = PBXFileReference; lastKnownFileType = sourcecode.swift; path = DataLoader.swift; sourceTree = "<group>"; };
		6526D4952843BE7100A46AA4 /* RoutineView.swift */ = {isa = PBXFileReference; lastKnownFileType = sourcecode.swift; path = RoutineView.swift; sourceTree = "<group>"; };
		6526D4972843BE7F00A46AA4 /* Launch Screen.storyboard */ = {isa = PBXFileReference; lastKnownFileType = file.storyboard; path = "Launch Screen.storyboard"; sourceTree = "<group>"; };
		65546A37284B5F740016DA94 /* MiniSetRowView.swift */ = {isa = PBXFileReference; lastKnownFileType = sourcecode.swift; path = MiniSetRowView.swift; sourceTree = "<group>"; };
		65546A3B284DFF7A0016DA94 /* AddExView.swift */ = {isa = PBXFileReference; lastKnownFileType = sourcecode.swift; path = AddExView.swift; sourceTree = "<group>"; };
		6573847D2850D67D006DAD3B /* ExRowView.swift */ = {isa = PBXFileReference; lastKnownFileType = sourcecode.swift; path = ExRowView.swift; sourceTree = "<group>"; };
		6573847F2850EB28006DAD3B /* GetReadyView.swift */ = {isa = PBXFileReference; lastKnownFileType = sourcecode.swift; path = GetReadyView.swift; sourceTree = "<group>"; };
		657384812850ECEE006DAD3B /* CircularProgressView.swift */ = {isa = PBXFileReference; lastKnownFileType = sourcecode.swift; path = CircularProgressView.swift; sourceTree = "<group>"; };
		65CBA0D9283E732D007AE1B4 /* LiftWeights.app */ = {isa = PBXFileReference; explicitFileType = wrapper.application; includeInIndex = 0; path = LiftWeights.app; sourceTree = BUILT_PRODUCTS_DIR; };
		65CBA0DC283E732D007AE1B4 /* LiftWeightsApp.swift */ = {isa = PBXFileReference; lastKnownFileType = sourcecode.swift; path = LiftWeightsApp.swift; sourceTree = "<group>"; };
		65CBA0E0283E732E007AE1B4 /* Assets.xcassets */ = {isa = PBXFileReference; lastKnownFileType = folder.assetcatalog; path = Assets.xcassets; sourceTree = "<group>"; };
		65CBA0E3283E732E007AE1B4 /* Preview Assets.xcassets */ = {isa = PBXFileReference; lastKnownFileType = folder.assetcatalog; path = "Preview Assets.xcassets"; sourceTree = "<group>"; };
		65DD3BED2844F7080051EEC2 /* ImagePickerView.swift */ = {isa = PBXFileReference; lastKnownFileType = sourcecode.swift; path = ImagePickerView.swift; sourceTree = "<group>"; };
		65DD3BEF284512770051EEC2 /* Info.plist */ = {isa = PBXFileReference; lastKnownFileType = text.plist; path = Info.plist; sourceTree = "<group>"; };
		65FD50EF284A9F2B0043E5B0 /* Exercise.swift */ = {isa = PBXFileReference; lastKnownFileType = sourcecode.swift; path = Exercise.swift; sourceTree = "<group>"; };
		65FD50FB284AA6420043E5B0 /* ExView.swift */ = {isa = PBXFileReference; lastKnownFileType = sourcecode.swift; path = ExView.swift; sourceTree = "<group>"; };
		65FD50FF284AB5110043E5B0 /* MiniSet.swift */ = {isa = PBXFileReference; lastKnownFileType = sourcecode.swift; path = MiniSet.swift; sourceTree = "<group>"; };
/* End PBXFileReference section */

/* Begin PBXFrameworksBuildPhase section */
		65CBA0D6283E732D007AE1B4 /* Frameworks */ = {
			isa = PBXFrameworksBuildPhase;
			buildActionMask = 2147483647;
			files = (
				65F37B13284131A000F3298D /* SDWebImageSwiftUI in Frameworks */,
				65F37B102841317200F3298D /* SDWebImageMapKit in Frameworks */,
				65F37B0E2841317200F3298D /* SDWebImage in Frameworks */,
			);
			runOnlyForDeploymentPostprocessing = 0;
		};
/* End PBXFrameworksBuildPhase section */

/* Begin PBXGroup section */
		6526D4862843ACC200A46AA4 /* Resources */ = {
			isa = PBXGroup;
			children = (
				6526D4872843ADD700A46AA4 /* routines.json */,
				650897C92844DA7000760082 /* routinesEmpty.json */,
			);
			path = Resources;
			sourceTree = "<group>";
		};
		65CBA0D0283E732D007AE1B4 = {
			isa = PBXGroup;
			children = (
				65CBA0DB283E732D007AE1B4 /* LiftWeights */,
				65CBA0DA283E732D007AE1B4 /* Products */,
			);
			sourceTree = "<group>";
		};
		65CBA0DA283E732D007AE1B4 /* Products */ = {
			isa = PBXGroup;
			children = (
				65CBA0D9283E732D007AE1B4 /* LiftWeights.app */,
			);
			name = Products;
			sourceTree = "<group>";
		};
		65CBA0DB283E732D007AE1B4 /* LiftWeights */ = {
			isa = PBXGroup;
			children = (
				65DD3BEF284512770051EEC2 /* Info.plist */,
				65CBA0E0283E732E007AE1B4 /* Assets.xcassets */,
				6526D4862843ACC200A46AA4 /* Resources */,
				65CBA0E2283E732E007AE1B4 /* Preview Content */,
				65E0432D283E7D4600C8D9D6 /* Views */,
				6526D4912843B64800A46AA4 /* DataLoader.swift */,
				65CBA0DC283E732D007AE1B4 /* LiftWeightsApp.swift */,
				6526D4842843ACA200A46AA4 /* ModelData.swift */,
				6526D48D2843AEDC00A46AA4 /* Routine.swift */,
				65FD50EF284A9F2B0043E5B0 /* Exercise.swift */,
				65FD50FF284AB5110043E5B0 /* MiniSet.swift */,
			);
			path = LiftWeights;
			sourceTree = "<group>";
		};
		65CBA0E2283E732E007AE1B4 /* Preview Content */ = {
			isa = PBXGroup;
			children = (
				65CBA0E3283E732E007AE1B4 /* Preview Assets.xcassets */,
			);
			path = "Preview Content";
			sourceTree = "<group>";
		};
		65E0432D283E7D4600C8D9D6 /* Views */ = {
			isa = PBXGroup;
			children = (
				6526D4972843BE7F00A46AA4 /* Launch Screen.storyboard */,
				65546A3B284DFF7A0016DA94 /* AddExView.swift */,
				650897C72844D5F000760082 /* AddRoutineView.swift */,
				650E8BAF284E3EE000032B9F /* CircleProgressView.swift */,
				657384812850ECEE006DAD3B /* CircularProgressView.swift */,
				6526D4742843948500A46AA4 /* ContentView.swift */,
				6573847D2850D67D006DAD3B /* ExRowView.swift */,
				65FD50FB284AA6420043E5B0 /* ExView.swift */,
				6573847F2850EB28006DAD3B /* GetReadyView.swift */,
				65DD3BED2844F7080051EEC2 /* ImagePickerView.swift */,
				650953BD2841276E007C1822 /* HomeView.swift */,
				65546A37284B5F740016DA94 /* MiniSetRowView.swift */,
				650E8BB1284E4BF400032B9F /* RoutineRowView.swift */,
				6526D4952843BE7100A46AA4 /* RoutineView.swift */,
				6526D4722843941E00A46AA4 /* SettingsView.swift */,
				6526D476284397FD00A46AA4 /* StatsView.swift */,
			);
			path = Views;
			sourceTree = "<group>";
		};
/* End PBXGroup section */

/* Begin PBXNativeTarget section */
		65CBA0D8283E732D007AE1B4 /* LiftWeights */ = {
			isa = PBXNativeTarget;
			buildConfigurationList = 65CBA0EC283E732E007AE1B4 /* Build configuration list for PBXNativeTarget "LiftWeights" */;
			buildPhases = (
				65CBA0D5283E732D007AE1B4 /* Sources */,
				65CBA0D6283E732D007AE1B4 /* Frameworks */,
				65CBA0D7283E732D007AE1B4 /* Resources */,
			);
			buildRules = (
			);
			dependencies = (
			);
			name = LiftWeights;
			packageProductDependencies = (
				65F37B0D2841317200F3298D /* SDWebImage */,
				65F37B0F2841317200F3298D /* SDWebImageMapKit */,
				65F37B12284131A000F3298D /* SDWebImageSwiftUI */,
			);
			productName = LiftWeights;
			productReference = 65CBA0D9283E732D007AE1B4 /* LiftWeights.app */;
			productType = "com.apple.product-type.application";
		};
/* End PBXNativeTarget section */

/* Begin PBXProject section */
		65CBA0D1283E732D007AE1B4 /* Project object */ = {
			isa = PBXProject;
			attributes = {
				BuildIndependentTargetsInParallel = 1;
				LastSwiftUpdateCheck = 1320;
				LastUpgradeCheck = 1320;
				TargetAttributes = {
					65CBA0D8283E732D007AE1B4 = {
						CreatedOnToolsVersion = 13.2.1;
					};
				};
			};
			buildConfigurationList = 65CBA0D4283E732D007AE1B4 /* Build configuration list for PBXProject "LiftWeights" */;
			compatibilityVersion = "Xcode 13.0";
			developmentRegion = en;
			hasScannedForEncodings = 0;
			knownRegions = (
				en,
				Base,
			);
			mainGroup = 65CBA0D0283E732D007AE1B4;
			packageReferences = (
				65F37B0C2841317200F3298D /* XCRemoteSwiftPackageReference "SDWebImage" */,
				65F37B11284131A000F3298D /* XCRemoteSwiftPackageReference "SDWebImageSwiftUI" */,
			);
			productRefGroup = 65CBA0DA283E732D007AE1B4 /* Products */;
			projectDirPath = "";
			projectRoot = "";
			targets = (
				65CBA0D8283E732D007AE1B4 /* LiftWeights */,
			);
		};
/* End PBXProject section */

/* Begin PBXResourcesBuildPhase section */
		65CBA0D7283E732D007AE1B4 /* Resources */ = {
			isa = PBXResourcesBuildPhase;
			buildActionMask = 2147483647;
			files = (
				6526D4882843ADD700A46AA4 /* routines.json in Resources */,
				650897CA2844DA7000760082 /* routinesEmpty.json in Resources */,
				65CBA0E4283E732E007AE1B4 /* Preview Assets.xcassets in Resources */,
				6526D4982843BE7F00A46AA4 /* Launch Screen.storyboard in Resources */,
				65CBA0E1283E732E007AE1B4 /* Assets.xcassets in Resources */,
			);
			runOnlyForDeploymentPostprocessing = 0;
		};
/* End PBXResourcesBuildPhase section */

/* Begin PBXSourcesBuildPhase section */
		65CBA0D5283E732D007AE1B4 /* Sources */ = {
			isa = PBXSourcesBuildPhase;
			buildActionMask = 2147483647;
			files = (
				6526D48E2843AEDC00A46AA4 /* Routine.swift in Sources */,
				65FD50FC284AA6420043E5B0 /* ExView.swift in Sources */,
				65FD50F0284A9F2B0043E5B0 /* Exercise.swift in Sources */,
				6526D4752843948500A46AA4 /* ContentView.swift in Sources */,
				6526D477284397FD00A46AA4 /* StatsView.swift in Sources */,
				6526D4962843BE7100A46AA4 /* RoutineView.swift in Sources */,
				6526D4732843941E00A46AA4 /* SettingsView.swift in Sources */,
				6526D4922843B64800A46AA4 /* DataLoader.swift in Sources */,
				650953BE2841276E007C1822 /* HomeView.swift in Sources */,
				657384822850ECEE006DAD3B /* CircularProgressView.swift in Sources */,
				65DD3BEE2844F7080051EEC2 /* ImagePickerView.swift in Sources */,
				6526D4852843ACA200A46AA4 /* ModelData.swift in Sources */,
				65546A38284B5F740016DA94 /* MiniSetRowView.swift in Sources */,
				657384802850EB28006DAD3B /* GetReadyView.swift in Sources */,
				650897C82844D5F000760082 /* AddRoutineView.swift in Sources */,
				65CBA0DD283E732D007AE1B4 /* LiftWeightsApp.swift in Sources */,
				650E8BB0284E3EE000032B9F /* CircleProgressView.swift in Sources */,
				6573847E2850D67D006DAD3B /* ExRowView.swift in Sources */,
				650E8BB2284E4BF400032B9F /* RoutineRowView.swift in Sources */,
				65FD5100284AB5110043E5B0 /* MiniSet.swift in Sources */,
				65546A3C284DFF7A0016DA94 /* AddExView.swift in Sources */,
			);
			runOnlyForDeploymentPostprocessing = 0;
		};
/* End PBXSourcesBuildPhase section */

/* Begin XCBuildConfiguration section */
		65CBA0EA283E732E007AE1B4 /* Debug */ = {
			isa = XCBuildConfiguration;
			buildSettings = {
				ALWAYS_SEARCH_USER_PATHS = NO;
				CLANG_ANALYZER_NONNULL = YES;
				CLANG_ANALYZER_NUMBER_OBJECT_CONVERSION = YES_AGGRESSIVE;
				CLANG_CXX_LANGUAGE_STANDARD = "gnu++17";
				CLANG_CXX_LIBRARY = "libc++";
				CLANG_ENABLE_MODULES = YES;
				CLANG_ENABLE_OBJC_ARC = YES;
				CLANG_ENABLE_OBJC_WEAK = YES;
				CLANG_WARN_BLOCK_CAPTURE_AUTORELEASING = YES;
				CLANG_WARN_BOOL_CONVERSION = YES;
				CLANG_WARN_COMMA = YES;
				CLANG_WARN_CONSTANT_CONVERSION = YES;
				CLANG_WARN_DEPRECATED_OBJC_IMPLEMENTATIONS = YES;
				CLANG_WARN_DIRECT_OBJC_ISA_USAGE = YES_ERROR;
				CLANG_WARN_DOCUMENTATION_COMMENTS = YES;
				CLANG_WARN_EMPTY_BODY = YES;
				CLANG_WARN_ENUM_CONVERSION = YES;
				CLANG_WARN_INFINITE_RECURSION = YES;
				CLANG_WARN_INT_CONVERSION = YES;
				CLANG_WARN_NON_LITERAL_NULL_CONVERSION = YES;
				CLANG_WARN_OBJC_IMPLICIT_RETAIN_SELF = YES;
				CLANG_WARN_OBJC_LITERAL_CONVERSION = YES;
				CLANG_WARN_OBJC_ROOT_CLASS = YES_ERROR;
				CLANG_WARN_QUOTED_INCLUDE_IN_FRAMEWORK_HEADER = YES;
				CLANG_WARN_RANGE_LOOP_ANALYSIS = YES;
				CLANG_WARN_STRICT_PROTOTYPES = YES;
				CLANG_WARN_SUSPICIOUS_MOVE = YES;
				CLANG_WARN_UNGUARDED_AVAILABILITY = YES_AGGRESSIVE;
				CLANG_WARN_UNREACHABLE_CODE = YES;
				CLANG_WARN__DUPLICATE_METHOD_MATCH = YES;
				COPY_PHASE_STRIP = NO;
				DEBUG_INFORMATION_FORMAT = dwarf;
				ENABLE_STRICT_OBJC_MSGSEND = YES;
				ENABLE_TESTABILITY = YES;
				GCC_C_LANGUAGE_STANDARD = gnu11;
				GCC_DYNAMIC_NO_PIC = NO;
				GCC_NO_COMMON_BLOCKS = YES;
				GCC_OPTIMIZATION_LEVEL = 0;
				GCC_PREPROCESSOR_DEFINITIONS = (
					"DEBUG=1",
					"$(inherited)",
				);
				GCC_WARN_64_TO_32_BIT_CONVERSION = YES;
				GCC_WARN_ABOUT_RETURN_TYPE = YES_ERROR;
				GCC_WARN_UNDECLARED_SELECTOR = YES;
				GCC_WARN_UNINITIALIZED_AUTOS = YES_AGGRESSIVE;
				GCC_WARN_UNUSED_FUNCTION = YES;
				GCC_WARN_UNUSED_VARIABLE = YES;
				IPHONEOS_DEPLOYMENT_TARGET = 15.2;
				MTL_ENABLE_DEBUG_INFO = INCLUDE_SOURCE;
				MTL_FAST_MATH = YES;
				ONLY_ACTIVE_ARCH = YES;
				SDKROOT = iphoneos;
				SWIFT_ACTIVE_COMPILATION_CONDITIONS = DEBUG;
				SWIFT_OPTIMIZATION_LEVEL = "-Onone";
			};
			name = Debug;
		};
		65CBA0EB283E732E007AE1B4 /* Release */ = {
			isa = XCBuildConfiguration;
			buildSettings = {
				ALWAYS_SEARCH_USER_PATHS = NO;
				CLANG_ANALYZER_NONNULL = YES;
				CLANG_ANALYZER_NUMBER_OBJECT_CONVERSION = YES_AGGRESSIVE;
				CLANG_CXX_LANGUAGE_STANDARD = "gnu++17";
				CLANG_CXX_LIBRARY = "libc++";
				CLANG_ENABLE_MODULES = YES;
				CLANG_ENABLE_OBJC_ARC = YES;
				CLANG_ENABLE_OBJC_WEAK = YES;
				CLANG_WARN_BLOCK_CAPTURE_AUTORELEASING = YES;
				CLANG_WARN_BOOL_CONVERSION = YES;
				CLANG_WARN_COMMA = YES;
				CLANG_WARN_CONSTANT_CONVERSION = YES;
				CLANG_WARN_DEPRECATED_OBJC_IMPLEMENTATIONS = YES;
				CLANG_WARN_DIRECT_OBJC_ISA_USAGE = YES_ERROR;
				CLANG_WARN_DOCUMENTATION_COMMENTS = YES;
				CLANG_WARN_EMPTY_BODY = YES;
				CLANG_WARN_ENUM_CONVERSION = YES;
				CLANG_WARN_INFINITE_RECURSION = YES;
				CLANG_WARN_INT_CONVERSION = YES;
				CLANG_WARN_NON_LITERAL_NULL_CONVERSION = YES;
				CLANG_WARN_OBJC_IMPLICIT_RETAIN_SELF = YES;
				CLANG_WARN_OBJC_LITERAL_CONVERSION = YES;
				CLANG_WARN_OBJC_ROOT_CLASS = YES_ERROR;
				CLANG_WARN_QUOTED_INCLUDE_IN_FRAMEWORK_HEADER = YES;
				CLANG_WARN_RANGE_LOOP_ANALYSIS = YES;
				CLANG_WARN_STRICT_PROTOTYPES = YES;
				CLANG_WARN_SUSPICIOUS_MOVE = YES;
				CLANG_WARN_UNGUARDED_AVAILABILITY = YES_AGGRESSIVE;
				CLANG_WARN_UNREACHABLE_CODE = YES;
				CLANG_WARN__DUPLICATE_METHOD_MATCH = YES;
				COPY_PHASE_STRIP = NO;
				DEBUG_INFORMATION_FORMAT = "dwarf-with-dsym";
				ENABLE_NS_ASSERTIONS = NO;
				ENABLE_STRICT_OBJC_MSGSEND = YES;
				GCC_C_LANGUAGE_STANDARD = gnu11;
				GCC_NO_COMMON_BLOCKS = YES;
				GCC_WARN_64_TO_32_BIT_CONVERSION = YES;
				GCC_WARN_ABOUT_RETURN_TYPE = YES_ERROR;
				GCC_WARN_UNDECLARED_SELECTOR = YES;
				GCC_WARN_UNINITIALIZED_AUTOS = YES_AGGRESSIVE;
				GCC_WARN_UNUSED_FUNCTION = YES;
				GCC_WARN_UNUSED_VARIABLE = YES;
				IPHONEOS_DEPLOYMENT_TARGET = 15.2;
				MTL_ENABLE_DEBUG_INFO = NO;
				MTL_FAST_MATH = YES;
				SDKROOT = iphoneos;
				SWIFT_COMPILATION_MODE = wholemodule;
				SWIFT_OPTIMIZATION_LEVEL = "-O";
				VALIDATE_PRODUCT = YES;
			};
			name = Release;
		};
		65CBA0ED283E732E007AE1B4 /* Debug */ = {
			isa = XCBuildConfiguration;
			buildSettings = {
				ASSETCATALOG_COMPILER_APPICON_NAME = AppIcon;
				ASSETCATALOG_COMPILER_GLOBAL_ACCENT_COLOR_NAME = AccentColor;
				CODE_SIGN_STYLE = Automatic;
				CURRENT_PROJECT_VERSION = 1;
				DEVELOPMENT_ASSET_PATHS = "\"LiftWeights/Preview Content\"";
				DEVELOPMENT_TEAM = 839MZ7X5LU;
				ENABLE_PREVIEWS = YES;
				GENERATE_INFOPLIST_FILE = YES;
				INFOPLIST_FILE = LiftWeights/Info.plist;
				INFOPLIST_KEY_UIApplicationSceneManifest_Generation = YES;
				INFOPLIST_KEY_UIApplicationSupportsIndirectInputEvents = YES;
				INFOPLIST_KEY_UILaunchScreen_Generation = YES;
				INFOPLIST_KEY_UILaunchStoryboardName = "Launch Screen";
				INFOPLIST_KEY_UISupportedInterfaceOrientations_iPad = "UIInterfaceOrientationPortrait UIInterfaceOrientationPortraitUpsideDown UIInterfaceOrientationLandscapeLeft UIInterfaceOrientationLandscapeRight";
				INFOPLIST_KEY_UISupportedInterfaceOrientations_iPhone = "UIInterfaceOrientationPortrait UIInterfaceOrientationLandscapeLeft UIInterfaceOrientationLandscapeRight";
				LD_RUNPATH_SEARCH_PATHS = (
					"$(inherited)",
					"@executable_path/Frameworks",
				);
				MARKETING_VERSION = 1.0;
				PRODUCT_BUNDLE_IDENTIFIER = AndreaZammarchi.LiftWeights;
				PRODUCT_NAME = "$(TARGET_NAME)";
				SWIFT_EMIT_LOC_STRINGS = YES;
				SWIFT_VERSION = 5.0;
				TARGETED_DEVICE_FAMILY = "1,2";
			};
			name = Debug;
		};
		65CBA0EE283E732E007AE1B4 /* Release */ = {
			isa = XCBuildConfiguration;
			buildSettings = {
				ASSETCATALOG_COMPILER_APPICON_NAME = AppIcon;
				ASSETCATALOG_COMPILER_GLOBAL_ACCENT_COLOR_NAME = AccentColor;
				CODE_SIGN_STYLE = Automatic;
				CURRENT_PROJECT_VERSION = 1;
				DEVELOPMENT_ASSET_PATHS = "\"LiftWeights/Preview Content\"";
				DEVELOPMENT_TEAM = 839MZ7X5LU;
				ENABLE_PREVIEWS = YES;
				GENERATE_INFOPLIST_FILE = YES;
				INFOPLIST_FILE = LiftWeights/Info.plist;
				INFOPLIST_KEY_UIApplicationSceneManifest_Generation = YES;
				INFOPLIST_KEY_UIApplicationSupportsIndirectInputEvents = YES;
				INFOPLIST_KEY_UILaunchScreen_Generation = YES;
				INFOPLIST_KEY_UILaunchStoryboardName = "Launch Screen";
				INFOPLIST_KEY_UISupportedInterfaceOrientations_iPad = "UIInterfaceOrientationPortrait UIInterfaceOrientationPortraitUpsideDown UIInterfaceOrientationLandscapeLeft UIInterfaceOrientationLandscapeRight";
				INFOPLIST_KEY_UISupportedInterfaceOrientations_iPhone = "UIInterfaceOrientationPortrait UIInterfaceOrientationLandscapeLeft UIInterfaceOrientationLandscapeRight";
				LD_RUNPATH_SEARCH_PATHS = (
					"$(inherited)",
					"@executable_path/Frameworks",
				);
				MARKETING_VERSION = 1.0;
				PRODUCT_BUNDLE_IDENTIFIER = AndreaZammarchi.LiftWeights;
				PRODUCT_NAME = "$(TARGET_NAME)";
				SWIFT_EMIT_LOC_STRINGS = YES;
				SWIFT_VERSION = 5.0;
				TARGETED_DEVICE_FAMILY = "1,2";
			};
			name = Release;
		};
/* End XCBuildConfiguration section */

/* Begin XCConfigurationList section */
		65CBA0D4283E732D007AE1B4 /* Build configuration list for PBXProject "LiftWeights" */ = {
			isa = XCConfigurationList;
			buildConfigurations = (
				65CBA0EA283E732E007AE1B4 /* Debug */,
				65CBA0EB283E732E007AE1B4 /* Release */,
			);
			defaultConfigurationIsVisible = 0;
			defaultConfigurationName = Release;
		};
		65CBA0EC283E732E007AE1B4 /* Build configuration list for PBXNativeTarget "LiftWeights" */ = {
			isa = XCConfigurationList;
			buildConfigurations = (
				65CBA0ED283E732E007AE1B4 /* Debug */,
				65CBA0EE283E732E007AE1B4 /* Release */,
			);
			defaultConfigurationIsVisible = 0;
			defaultConfigurationName = Release;
		};
/* End XCConfigurationList section */

/* Begin XCRemoteSwiftPackageReference section */
		65F37B0C2841317200F3298D /* XCRemoteSwiftPackageReference "SDWebImage" */ = {
			isa = XCRemoteSwiftPackageReference;
			repositoryURL = "https://github.com/SDWebImage/SDWebImage.git";
			requirement = {
				kind = upToNextMajorVersion;
				minimumVersion = 5.0.0;
			};
		};
		65F37B11284131A000F3298D /* XCRemoteSwiftPackageReference "SDWebImageSwiftUI" */ = {
			isa = XCRemoteSwiftPackageReference;
			repositoryURL = "https://github.com/SDWebImage/SDWebImageSwiftUI.git";
			requirement = {
				kind = upToNextMajorVersion;
				minimumVersion = 2.0.0;
			};
		};
/* End XCRemoteSwiftPackageReference section */

/* Begin XCSwiftPackageProductDependency section */
		65F37B0D2841317200F3298D /* SDWebImage */ = {
			isa = XCSwiftPackageProductDependency;
			package = 65F37B0C2841317200F3298D /* XCRemoteSwiftPackageReference "SDWebImage" */;
			productName = SDWebImage;
		};
		65F37B0F2841317200F3298D /* SDWebImageMapKit */ = {
			isa = XCSwiftPackageProductDependency;
			package = 65F37B0C2841317200F3298D /* XCRemoteSwiftPackageReference "SDWebImage" */;
			productName = SDWebImageMapKit;
		};
		65F37B12284131A000F3298D /* SDWebImageSwiftUI */ = {
			isa = XCSwiftPackageProductDependency;
			package = 65F37B11284131A000F3298D /* XCRemoteSwiftPackageReference "SDWebImageSwiftUI" */;
			productName = SDWebImageSwiftUI;
		};
/* End XCSwiftPackageProductDependency section */
	};
	rootObject = 65CBA0D1283E732D007AE1B4 /* Project object */;
}
